// !$*UTF8*$!
{
	archiveVersion = 1;
	classes = {
	};
	objectVersion = 46;
	objects = {

/* Begin PBXBuildFile section */
		45FCF5C31CBEE2E7006B212B /* main.m in Sources */ = {isa = PBXBuildFile; fileRef = 45FCF5C21CBEE2E7006B212B /* main.m */; };
		45FCF5C61CBEE2E7006B212B /* AppDelegate.m in Sources */ = {isa = PBXBuildFile; fileRef = 45FCF5C51CBEE2E7006B212B /* AppDelegate.m */; };
		45FCF5C91CBEE2E7006B212B /* ViewController.m in Sources */ = {isa = PBXBuildFile; fileRef = 45FCF5C81CBEE2E7006B212B /* ViewController.m */; };
		45FCF5CC1CBEE2E7006B212B /* Main.storyboard in Resources */ = {isa = PBXBuildFile; fileRef = 45FCF5CA1CBEE2E7006B212B /* Main.storyboard */; };
		45FCF5CE1CBEE2E7006B212B /* Assets.xcassets in Resources */ = {isa = PBXBuildFile; fileRef = 45FCF5CD1CBEE2E7006B212B /* Assets.xcassets */; };
		45FCF5D11CBEE2E7006B212B /* LaunchScreen.storyboard in Resources */ = {isa = PBXBuildFile; fileRef = 45FCF5CF1CBEE2E7006B212B /* LaunchScreen.storyboard */; };
		45FCF5DC1CBEE2E7006B212B /* GitHubDemoTests.m in Sources */ = {isa = PBXBuildFile; fileRef = 45FCF5DB1CBEE2E7006B212B /* GitHubDemoTests.m */; };
/* End PBXBuildFile section */

/* Begin PBXContainerItemProxy section */
		45FCF5D81CBEE2E7006B212B /* PBXContainerItemProxy */ = {
			isa = PBXContainerItemProxy;
			containerPortal = 45FCF5B61CBEE2E7006B212B /* Project object */;
			proxyType = 1;
			remoteGlobalIDString = 45FCF5BD1CBEE2E7006B212B;
			remoteInfo = GitHubDemo;
		};
/* End PBXContainerItemProxy section */

/* Begin PBXFileReference section */
		45FCF5BE1CBEE2E7006B212B /* GitHubDemo.app */ = {isa = PBXFileReference; explicitFileType = wrapper.application; includeInIndex = 0; path = GitHubDemo.app; sourceTree = BUILT_PRODUCTS_DIR; };
		45FCF5C21CBEE2E7006B212B /* main.m */ = {isa = PBXFileReference; lastKnownFileType = sourcecode.c.objc; path = main.m; sourceTree = "<group>"; };
		45FCF5C41CBEE2E7006B212B /* AppDelegate.h */ = {isa = PBXFileReference; lastKnownFileType = sourcecode.c.h; path = AppDelegate.h; sourceTree = "<group>"; };
		45FCF5C51CBEE2E7006B212B /* AppDelegate.m */ = {isa = PBXFileReference; lastKnownFileType = sourcecode.c.objc; path = AppDelegate.m; sourceTree = "<group>"; };
		45FCF5C71CBEE2E7006B212B /* ViewController.h */ = {isa = PBXFileReference; lastKnownFileType = sourcecode.c.h; path = ViewController.h; sourceTree = "<group>"; };
		45FCF5C81CBEE2E7006B212B /* ViewController.m */ = {isa = PBXFileReference; lastKnownFileType = sourcecode.c.objc; path = ViewController.m; sourceTree = "<group>"; };
		45FCF5CB1CBEE2E7006B212B /* Base */ = {isa = PBXFileReference; lastKnownFileType = file.storyboard; name = Base; path = Base.lproj/Main.storyboard; sourceTree = "<group>"; };
		45FCF5CD1CBEE2E7006B212B /* Assets.xcassets */ = {isa = PBXFileReference; lastKnownFileType = folder.assetcatalog; path = Assets.xcassets; sourceTree = "<group>"; };
		45FCF5D01CBEE2E7006B212B /* Base */ = {isa = PBXFileReference; lastKnownFileType = file.storyboard; name = Base; path = Base.lproj/LaunchScreen.storyboard; sourceTree = "<group>"; };
		45FCF5D21CBEE2E7006B212B /* Info.plist */ = {isa = PBXFileReference; lastKnownFileType = text.plist.xml; path = Info.plist; sourceTree = "<group>"; };
		45FCF5D71CBEE2E7006B212B /* GitHubDemoTests.xctest */ = {isa = PBXFileReference; explicitFileType = wrapper.cfbundle; includeInIndex = 0; path = GitHubDemoTests.xctest; sourceTree = BUILT_PRODUCTS_DIR; };
		45FCF5DB1CBEE2E7006B212B /* GitHubDemoTests.m */ = {isa = PBXFileReference; lastKnownFileType = sourcecode.c.objc; path = GitHubDemoTests.m; sourceTree = "<group>"; };
		45FCF5DD1CBEE2E7006B212B /* Info.plist */ = {isa = PBXFileReference; lastKnownFileType = text.plist.xml; path = Info.plist; sourceTree = "<group>"; };
/* End PBXFileReference section */

/* Begin PBXFrameworksBuildPhase section */
		45FCF5BB1CBEE2E7006B212B /* Frameworks */ = {
			isa = PBXFrameworksBuildPhase;
			buildActionMask = 2147483647;
			files = (
			);
			runOnlyForDeploymentPostprocessing = 0;
		};
		45FCF5D41CBEE2E7006B212B /* Frameworks */ = {
			isa = PBXFrameworksBuildPhase;
			buildActionMask = 2147483647;
			files = (
			);
			runOnlyForDeploymentPostprocessing = 0;
		};
/* End PBXFrameworksBuildPhase section */

/* Begin PBXGroup section */
		45FCF5B51CBEE2E7006B212B = {
			isa = PBXGroup;
			children = (
				45FCF5C01CBEE2E7006B212B /* GitHubDemo */,
				45FCF5DA1CBEE2E7006B212B /* GitHubDemoTests */,
				45FCF5BF1CBEE2E7006B212B /* Products */,
			);
			sourceTree = "<group>";
		};
		45FCF5BF1CBEE2E7006B212B /* Products */ = {
			isa = PBXGroup;
			children = (
				45FCF5BE1CBEE2E7006B212B /* GitHubDemo.app */,
				45FCF5D71CBEE2E7006B212B /* GitHubDemoTests.xctest */,
			);
			name = Products;
			sourceTree = "<group>";
		};
		45FCF5C01CBEE2E7006B212B /* GitHubDemo */ = {
			isa = PBXGroup;
			children = (
				45FCF5C41CBEE2E7006B212B /* AppDelegate.h */,
				45FCF5C51CBEE2E7006B212B /* AppDelegate.m */,
				45FCF5C71CBEE2E7006B212B /* ViewController.h */,
				45FCF5C81CBEE2E7006B212B /* ViewController.m */,
				45FCF5CA1CBEE2E7006B212B /* Main.storyboard */,
				45FCF5CD1CBEE2E7006B212B /* Assets.xcassets */,
				45FCF5CF1CBEE2E7006B212B /* LaunchScreen.storyboard */,
				45FCF5D21CBEE2E7006B212B /* Info.plist */,
				45FCF5C11CBEE2E7006B212B /* Supporting Files */,
			);
			path = GitHubDemo;
			sourceTree = "<group>";
		};
		45FCF5C11CBEE2E7006B212B /* Supporting Files */ = {
			isa = PBXGroup;
			children = (
				45FCF5C21CBEE2E7006B212B /* main.m */,
			);
			name = "Supporting Files";
			sourceTree = "<group>";
		};
		45FCF5DA1CBEE2E7006B212B /* GitHubDemoTests */ = {
			isa = PBXGroup;
			children = (
				45FCF5DB1CBEE2E7006B212B /* GitHubDemoTests.m */,
				45FCF5DD1CBEE2E7006B212B /* Info.plist */,
			);
			path = GitHubDemoTests;
			sourceTree = "<group>";
		};
/* End PBXGroup section */

/* Begin PBXNativeTarget section */
		45FCF5BD1CBEE2E7006B212B /* GitHubDemo */ = {
			isa = PBXNativeTarget;
			buildConfigurationList = 45FCF5E01CBEE2E7006B212B /* Build configuration list for PBXNativeTarget "GitHubDemo" */;
			buildPhases = (
				45FCF5BA1CBEE2E7006B212B /* Sources */,
				45FCF5BB1CBEE2E7006B212B /* Frameworks */,
				45FCF5BC1CBEE2E7006B212B /* Resources */,
			);
			buildRules = (
			);
			dependencies = (
			);
			name = GitHubDemo;
			productName = GitHubDemo;
			productReference = 45FCF5BE1CBEE2E7006B212B /* GitHubDemo.app */;
			productType = "com.apple.product-type.application";
		};
		45FCF5D61CBEE2E7006B212B /* GitHubDemoTests */ = {
			isa = PBXNativeTarget;
			buildConfigurationList = 45FCF5E31CBEE2E7006B212B /* Build configuration list for PBXNativeTarget "GitHubDemoTests" */;
			buildPhases = (
				45FCF5D31CBEE2E7006B212B /* Sources */,
				45FCF5D41CBEE2E7006B212B /* Frameworks */,
				45FCF5D51CBEE2E7006B212B /* Resources */,
			);
			buildRules = (
			);
			dependencies = (
				45FCF5D91CBEE2E7006B212B /* PBXTargetDependency */,
			);
			name = GitHubDemoTests;
			productName = GitHubDemoTests;
			productReference = 45FCF5D71CBEE2E7006B212B /* GitHubDemoTests.xctest */;
			productType = "com.apple.product-type.bundle.unit-test";
		};
/* End PBXNativeTarget section */

/* Begin PBXProject section */
		45FCF5B61CBEE2E7006B212B /* Project object */ = {
			isa = PBXProject;
			attributes = {
				LastUpgradeCheck = 0720;
				ORGANIZATIONNAME = "Olivia Dong";
				TargetAttributes = {
					45FCF5BD1CBEE2E7006B212B = {
						CreatedOnToolsVersion = 7.2.1;
					};
					45FCF5D61CBEE2E7006B212B = {
						CreatedOnToolsVersion = 7.2.1;
						TestTargetID = 45FCF5BD1CBEE2E7006B212B;
					};
				};
			};
			buildConfigurationList = 45FCF5B91CBEE2E7006B212B /* Build configuration list for PBXProject "GitHubDemo" */;
			compatibilityVersion = "Xcode 3.2";
			developmentRegion = English;
			hasScannedForEncodings = 0;
			knownRegions = (
				en,
				Base,
			);
			mainGroup = 45FCF5B51CBEE2E7006B212B;
			productRefGroup = 45FCF5BF1CBEE2E7006B212B /* Products */;
			projectDirPath = "";
			projectRoot = "";
			targets = (
				45FCF5BD1CBEE2E7006B212B /* GitHubDemo */,
				45FCF5D61CBEE2E7006B212B /* GitHubDemoTests */,
			);
		};
/* End PBXProject section */

/* Begin PBXResourcesBuildPhase section */
		45FCF5BC1CBEE2E7006B212B /* Resources */ = {
			isa = PBXResourcesBuildPhase;
			buildActionMask = 2147483647;
			files = (
				45FCF5D11CBEE2E7006B212B /* LaunchScreen.storyboard in Resources */,
				45FCF5CE1CBEE2E7006B212B /* Assets.xcassets in Resources */,
				45FCF5CC1CBEE2E7006B212B /* Main.storyboard in Resources */,
			);
			runOnlyForDeploymentPostprocessing = 0;
		};
		45FCF5D51CBEE2E7006B212B /* Resources */ = {
			isa = PBXResourcesBuildPhase;
			buildActionMask = 2147483647;
			files = (
			);
			runOnlyForDeploymentPostprocessing = 0;
		};
/* End PBXResourcesBuildPhase section */

/* Begin PBXSourcesBuildPhase section */
		45FCF5BA1CBEE2E7006B212B /* Sources */ = {
			isa = PBXSourcesBuildPhase;
			buildActionMask = 2147483647;
			files = (
				45FCF5C91CBEE2E7006B212B /* ViewController.m in Sources */,
				45FCF5C61CBEE2E7006B212B /* AppDelegate.m in Sources */,
				45FCF5C31CBEE2E7006B212B /* main.m in Sources */,
			);
			runOnlyForDeploymentPostprocessing = 0;
		};
		45FCF5D31CBEE2E7006B212B /* Sources */ = {
			isa = PBXSourcesBuildPhase;
			buildActionMask = 2147483647;
			files = (
				45FCF5DC1CBEE2E7006B212B /* GitHubDemoTests.m in Sources */,
			);
			runOnlyForDeploymentPostprocessing = 0;
		};
/* End PBXSourcesBuildPhase section */

/* Begin PBXTargetDependency section */
		45FCF5D91CBEE2E7006B212B /* PBXTargetDependency */ = {
			isa = PBXTargetDependency;
			target = 45FCF5BD1CBEE2E7006B212B /* GitHubDemo */;
			targetProxy = 45FCF5D81CBEE2E7006B212B /* PBXContainerItemProxy */;
		};
/* End PBXTargetDependency section */

/* Begin PBXVariantGroup section */
		45FCF5CA1CBEE2E7006B212B /* Main.storyboard */ = {
			isa = PBXVariantGroup;
			children = (
				45FCF5CB1CBEE2E7006B212B /* Base */,
			);
			name = Main.storyboard;
			sourceTree = "<group>";
		};
		45FCF5CF1CBEE2E7006B212B /* LaunchScreen.storyboard */ = {
			isa = PBXVariantGroup;
			children = (
				45FCF5D01CBEE2E7006B212B /* Base */,
			);
			name = LaunchScreen.storyboard;
			sourceTree = "<group>";
		};
/* End PBXVariantGroup section */

/* Begin XCBuildConfiguration section */
		45FCF5DE1CBEE2E7006B212B /* Debug */ = {
			isa = XCBuildConfiguration;
			buildSettings = {
				ALWAYS_SEARCH_USER_PATHS = NO;
				CLANG_CXX_LANGUAGE_STANDARD = "gnu++0x";
				CLANG_CXX_LIBRARY = "libc++";
				CLANG_ENABLE_MODULES = YES;
				CLANG_ENABLE_OBJC_ARC = YES;
				CLANG_WARN_BOOL_CONVERSION = YES;
				CLANG_WARN_CONSTANT_CONVERSION = YES;
				CLANG_WARN_DIRECT_OBJC_ISA_USAGE = YES_ERROR;
				CLANG_WARN_EMPTY_BODY = YES;
				CLANG_WARN_ENUM_CONVERSION = YES;
				CLANG_WARN_INT_CONVERSION = YES;
				CLANG_WARN_OBJC_ROOT_CLASS = YES_ERROR;
				CLANG_WARN_UNREACHABLE_CODE = YES;
				CLANG_WARN__DUPLICATE_METHOD_MATCH = YES;
				"CODE_SIGN_IDENTITY[sdk=iphoneos*]" = "iPhone Developer";
				COPY_PHASE_STRIP = NO;
				DEBUG_INFORMATION_FORMAT = dwarf;
				ENABLE_STRICT_OBJC_MSGSEND = YES;
				ENABLE_TESTABILITY = YES;
				GCC_C_LANGUAGE_STANDARD = gnu99;
				GCC_DYNAMIC_NO_PIC = NO;
				GCC_NO_COMMON_BLOCKS = YES;
				GCC_OPTIMIZATION_LEVEL = 0;
				GCC_PREPROCESSOR_DEFINITIONS = (
					"DEBUG=1",
					"$(inherited)",
				);
				GCC_WARN_64_TO_32_BIT_CONVERSION = YES;
				GCC_WARN_ABOUT_RETURN_TYPE = YES_ERROR;
				GCC_WARN_UNDECLARED_SELECTOR = YES;
				GCC_WARN_UNINITIALIZED_AUTOS = YES_AGGRESSIVE;
				GCC_WARN_UNUSED_FUNCTION = YES;
				GCC_WARN_UNUSED_VARIABLE = YES;
				IPHONEOS_DEPLOYMENT_TARGET = 9.2;
				MTL_ENABLE_DEBUG_INFO = YES;
				ONLY_ACTIVE_ARCH = YES;
				SDKROOT = iphoneos;
			};
			name = Debug;
		};
		45FCF5DF1CBEE2E7006B212B /* Release */ = {
			isa = XCBuildConfiguration;
			buildSettings = {
				ALWAYS_SEARCH_USER_PATHS = NO;
				CLANG_CXX_LANGUAGE_STANDARD = "gnu++0x";
				CLANG_CXX_LIBRARY = "libc++";
				CLANG_ENABLE_MODULES = YES;
				CLANG_ENABLE_OBJC_ARC = YES;
				CLANG_WARN_BOOL_CONVERSION = YES;
				CLANG_WARN_CONSTANT_CONVERSION = YES;
				CLANG_WARN_DIRECT_OBJC_ISA_USAGE = YES_ERROR;
				CLANG_WARN_EMPTY_BODY = YES;
				CLANG_WARN_ENUM_CONVERSION = YES;
				CLANG_WARN_INT_CONVERSION = YES;
				CLANG_WARN_OBJC_ROOT_CLASS = YES_ERROR;
				CLANG_WARN_UNREACHABLE_CODE = YES;
				CLANG_WARN__DUPLICATE_METHOD_MATCH = YES;
				"CODE_SIGN_IDENTITY[sdk=iphoneos*]" = "iPhone Developer";
				COPY_PHASE_STRIP = NO;
				DEBUG_INFORMATION_FORMAT = "dwarf-with-dsym";
				ENABLE_NS_ASSERTIONS = NO;
				ENABLE_STRICT_OBJC_MSGSEND = YES;
				GCC_C_LANGUAGE_STANDARD = gnu99;
				GCC_NO_COMMON_BLOCKS = YES;
				GCC_WARN_64_TO_32_BIT_CONVERSION = YES;
				GCC_WARN_ABOUT_RETURN_TYPE = YES_ERROR;
				GCC_WARN_UNDECLARED_SELECTOR = YES;
				GCC_WARN_UNINITIALIZED_AUTOS = YES_AGGRESSIVE;
				GCC_WARN_UNUSED_FUNCTION = YES;
				GCC_WARN_UNUSED_VARIABLE = YES;
				IPHONEOS_DEPLOYMENT_TARGET = 9.2;
				MTL_ENABLE_DEBUG_INFO = NO;
				SDKROOT = iphoneos;
				VALIDATE_PRODUCT = YES;
			};
			name = Release;
		};
		45FCF5E11CBEE2E7006B212B /* Debug */ = {
			isa = XCBuildConfiguration;
			buildSettings = {
				ASSETCATALOG_COMPILER_APPICON_NAME = AppIcon;
				INFOPLIST_FILE = GitHubDemo/Info.plist;
				LD_RUNPATH_SEARCH_PATHS = "$(inherited) @executable_path/Frameworks";
				PRODUCT_BUNDLE_IDENTIFIER = com.dongdong.GitHubDemo;
				PRODUCT_NAME = "$(TARGET_NAME)";
			};
			name = Debug;
		};
		45FCF5E21CBEE2E7006B212B /* Release */ = {
			isa = XCBuildConfiguration;
			buildSettings = {
				ASSETCATALOG_COMPILER_APPICON_NAME = AppIcon;
				INFOPLIST_FILE = GitHubDemo/Info.plist;
				LD_RUNPATH_SEARCH_PATHS = "$(inherited) @executable_path/Frameworks";
				PRODUCT_BUNDLE_IDENTIFIER = com.dongdong.GitHubDemo;
				PRODUCT_NAME = "$(TARGET_NAME)";
			};
			name = Release;
		};
		45FCF5E41CBEE2E7006B212B /* Debug */ = {
			isa = XCBuildConfiguration;
			buildSettings = {
				BUNDLE_LOADER = "$(TEST_HOST)";
				INFOPLIST_FILE = GitHubDemoTests/Info.plist;
				LD_RUNPATH_SEARCH_PATHS = "$(inherited) @executable_path/Frameworks @loader_path/Frameworks";
				PRODUCT_BUNDLE_IDENTIFIER = com.dongdong.GitHubDemoTests;
				PRODUCT_NAME = "$(TARGET_NAME)";
				TEST_HOST = "$(BUILT_PRODUCTS_DIR)/GitHubDemo.app/GitHubDemo";
			};
			name = Debug;
		};
		45FCF5E51CBEE2E7006B212B /* Release */ = {
			isa = XCBuildConfiguration;
			buildSettings = {
				BUNDLE_LOADER = "$(TEST_HOST)";
				INFOPLIST_FILE = GitHubDemoTests/Info.plist;
				LD_RUNPATH_SEARCH_PATHS = "$(inherited) @executable_path/Frameworks @loader_path/Frameworks";
				PRODUCT_BUNDLE_IDENTIFIER = com.dongdong.GitHubDemoTests;
				PRODUCT_NAME = "$(TARGET_NAME)";
				TEST_HOST = "$(BUILT_PRODUCTS_DIR)/GitHubDemo.app/GitHubDemo";
			};
			name = Release;
		};
/* End XCBuildConfiguration section */

/* Begin XCConfigurationList section */
		45FCF5B91CBEE2E7006B212B /* Build configuration list for PBXProject "GitHubDemo" */ = {
			isa = XCConfigurationList;
			buildConfigurations = (
				45FCF5DE1CBEE2E7006B212B /* Debug */,
				45FCF5DF1CBEE2E7006B212B /* Release */,
			);
			defaultConfigurationIsVisible = 0;
			defaultConfigurationName = Release;
		};
		45FCF5E01CBEE2E7006B212B /* Build configuration list for PBXNativeTarget "GitHubDemo" */ = {
			isa = XCConfigurationList;
			buildConfigurations = (
				45FCF5E11CBEE2E7006B212B /* Debug */,
				45FCF5E21CBEE2E7006B212B /* Release */,
			);
			defaultConfigurationIsVisible = 0;
		};
		45FCF5E31CBEE2E7006B212B /* Build configuration list for PBXNativeTarget "GitHubDemoTests" */ = {
			isa = XCConfigurationList;
			buildConfigurations = (
				45FCF5E41CBEE2E7006B212B /* Debug */,
				45FCF5E51CBEE2E7006B212B /* Release */,
			);
			defaultConfigurationIsVisible = 0;
		};
/* End XCConfigurationList section */
	};
	rootObject = 45FCF5B61CBEE2E7006B212B /* Project object */;
}
